// !$*UTF8*$!
{
	archiveVersion = 1;
	classes = {
	};
	objectVersion = 56;
	objects = {

/* Begin PBXBuildFile section */
		4D5B2F1629D66900003702F5 /* NotEmptyViewController.swift in Sources */ = {isa = PBXBuildFile; fileRef = 4D5B2F1529D66900003702F5 /* NotEmptyViewController.swift */; };
		4D5B2F1C29D669A5003702F5 /* FirstCurrencyTableViewController.swift in Sources */ = {isa = PBXBuildFile; fileRef = 4D5B2F1B29D669A5003702F5 /* FirstCurrencyTableViewController.swift */; };
		4D5B2F1E29D669C3003702F5 /* SecondCurrencyTableViewController.swift in Sources */ = {isa = PBXBuildFile; fileRef = 4D5B2F1D29D669C3003702F5 /* SecondCurrencyTableViewController.swift */; };
		4D5B2F2029D66A87003702F5 /* ExchangeRatesDataAPI.swift in Sources */ = {isa = PBXBuildFile; fileRef = 4D5B2F1F29D66A87003702F5 /* ExchangeRatesDataAPI.swift */; };
		4D5B2F2429D66AF1003702F5 /* MainStruct.swift in Sources */ = {isa = PBXBuildFile; fileRef = 4D5B2F2329D66AF1003702F5 /* MainStruct.swift */; };
		4D5B2F2A29D67904003702F5 /* Pods_Currency_Converter.framework in Frameworks */ = {isa = PBXBuildFile; fileRef = B577177141A1390A45C17207 /* Pods_Currency_Converter.framework */; };
		4D5B2F2C29DA02BA003702F5 /* CurrencyCell.swift in Sources */ = {isa = PBXBuildFile; fileRef = 4D5B2F2B29DA02BA003702F5 /* CurrencyCell.swift */; };
		4D5B2F2F29DA081F003702F5 /* CoreDataServices+CoreDataClass.swift in Sources */ = {isa = PBXBuildFile; fileRef = 4D5B2F2D29DA081F003702F5 /* CoreDataServices+CoreDataClass.swift */; };
		4D5B2F3029DA081F003702F5 /* CoreDataServices+CoreDataProperties.swift in Sources */ = {isa = PBXBuildFile; fileRef = 4D5B2F2E29DA081F003702F5 /* CoreDataServices+CoreDataProperties.swift */; };
		4D5B2F3329DA198E003702F5 /* FirstTableCell.swift in Sources */ = {isa = PBXBuildFile; fileRef = 4D5B2F3229DA198E003702F5 /* FirstTableCell.swift */; };
		4D5B2F3529DA199A003702F5 /* SecondTableCell.swift in Sources */ = {isa = PBXBuildFile; fileRef = 4D5B2F3429DA199A003702F5 /* SecondTableCell.swift */; };
		4D79E87D29D52BF20099756E /* AppDelegate.swift in Sources */ = {isa = PBXBuildFile; fileRef = 4D79E87C29D52BF20099756E /* AppDelegate.swift */; };
		4D79E87F29D52BF20099756E /* SceneDelegate.swift in Sources */ = {isa = PBXBuildFile; fileRef = 4D79E87E29D52BF20099756E /* SceneDelegate.swift */; };
		4D79E88129D52BF20099756E /* EmptyViewController.swift in Sources */ = {isa = PBXBuildFile; fileRef = 4D79E88029D52BF20099756E /* EmptyViewController.swift */; };
		4D79E88429D52BF20099756E /* Main.storyboard in Resources */ = {isa = PBXBuildFile; fileRef = 4D79E88229D52BF20099756E /* Main.storyboard */; };
		4D79E88729D52BF20099756E /* Currency_Converter.xcdatamodeld in Sources */ = {isa = PBXBuildFile; fileRef = 4D79E88529D52BF20099756E /* Currency_Converter.xcdatamodeld */; };
		4D79E88929D52BF40099756E /* Assets.xcassets in Resources */ = {isa = PBXBuildFile; fileRef = 4D79E88829D52BF40099756E /* Assets.xcassets */; };
		4D79E88C29D52BF40099756E /* LaunchScreen.storyboard in Resources */ = {isa = PBXBuildFile; fileRef = 4D79E88A29D52BF40099756E /* LaunchScreen.storyboard */; };
/* End PBXBuildFile section */

/* Begin PBXFileReference section */
		0A84F349DD31F1618BDD9D6C /* Pods-Currency Converter.debug.xcconfig */ = {isa = PBXFileReference; includeInIndex = 1; lastKnownFileType = text.xcconfig; name = "Pods-Currency Converter.debug.xcconfig"; path = "Target Support Files/Pods-Currency Converter/Pods-Currency Converter.debug.xcconfig"; sourceTree = "<group>"; };
		4D5B2F1529D66900003702F5 /* NotEmptyViewController.swift */ = {isa = PBXFileReference; lastKnownFileType = sourcecode.swift; path = NotEmptyViewController.swift; sourceTree = "<group>"; };
		4D5B2F1B29D669A5003702F5 /* FirstCurrencyTableViewController.swift */ = {isa = PBXFileReference; lastKnownFileType = sourcecode.swift; path = FirstCurrencyTableViewController.swift; sourceTree = "<group>"; };
		4D5B2F1D29D669C3003702F5 /* SecondCurrencyTableViewController.swift */ = {isa = PBXFileReference; lastKnownFileType = sourcecode.swift; path = SecondCurrencyTableViewController.swift; sourceTree = "<group>"; };
		4D5B2F1F29D66A87003702F5 /* ExchangeRatesDataAPI.swift */ = {isa = PBXFileReference; lastKnownFileType = sourcecode.swift; path = ExchangeRatesDataAPI.swift; sourceTree = "<group>"; };
		4D5B2F2329D66AF1003702F5 /* MainStruct.swift */ = {isa = PBXFileReference; lastKnownFileType = sourcecode.swift; path = MainStruct.swift; sourceTree = "<group>"; };
		4D5B2F2B29DA02BA003702F5 /* CurrencyCell.swift */ = {isa = PBXFileReference; lastKnownFileType = sourcecode.swift; path = CurrencyCell.swift; sourceTree = "<group>"; };
		4D5B2F2D29DA081F003702F5 /* CoreDataServices+CoreDataClass.swift */ = {isa = PBXFileReference; lastKnownFileType = sourcecode.swift; path = "CoreDataServices+CoreDataClass.swift"; sourceTree = SOURCE_ROOT; };
		4D5B2F2E29DA081F003702F5 /* CoreDataServices+CoreDataProperties.swift */ = {isa = PBXFileReference; lastKnownFileType = sourcecode.swift; path = "CoreDataServices+CoreDataProperties.swift"; sourceTree = SOURCE_ROOT; };
		4D5B2F3229DA198E003702F5 /* FirstTableCell.swift */ = {isa = PBXFileReference; lastKnownFileType = sourcecode.swift; path = FirstTableCell.swift; sourceTree = "<group>"; };
		4D5B2F3429DA199A003702F5 /* SecondTableCell.swift */ = {isa = PBXFileReference; lastKnownFileType = sourcecode.swift; path = SecondTableCell.swift; sourceTree = "<group>"; };
		4D79E87929D52BF20099756E /* Currency Converter.app */ = {isa = PBXFileReference; explicitFileType = wrapper.application; includeInIndex = 0; path = "Currency Converter.app"; sourceTree = BUILT_PRODUCTS_DIR; };
		4D79E87C29D52BF20099756E /* AppDelegate.swift */ = {isa = PBXFileReference; lastKnownFileType = sourcecode.swift; path = AppDelegate.swift; sourceTree = "<group>"; };
		4D79E87E29D52BF20099756E /* SceneDelegate.swift */ = {isa = PBXFileReference; lastKnownFileType = sourcecode.swift; path = SceneDelegate.swift; sourceTree = "<group>"; };
		4D79E88029D52BF20099756E /* EmptyViewController.swift */ = {isa = PBXFileReference; lastKnownFileType = sourcecode.swift; path = EmptyViewController.swift; sourceTree = "<group>"; };
		4D79E88329D52BF20099756E /* Base */ = {isa = PBXFileReference; lastKnownFileType = file.storyboard; name = Base; path = Base.lproj/Main.storyboard; sourceTree = "<group>"; };
		4D79E88629D52BF20099756E /* Currency_Converter.xcdatamodel */ = {isa = PBXFileReference; lastKnownFileType = wrapper.xcdatamodel; path = Currency_Converter.xcdatamodel; sourceTree = "<group>"; };
		4D79E88829D52BF40099756E /* Assets.xcassets */ = {isa = PBXFileReference; lastKnownFileType = folder.assetcatalog; path = Assets.xcassets; sourceTree = "<group>"; };
		4D79E88B29D52BF40099756E /* Base */ = {isa = PBXFileReference; lastKnownFileType = file.storyboard; name = Base; path = Base.lproj/LaunchScreen.storyboard; sourceTree = "<group>"; };
		4D79E88D29D52BF40099756E /* Info.plist */ = {isa = PBXFileReference; lastKnownFileType = text.plist.xml; path = Info.plist; sourceTree = "<group>"; };
		5D653FB496513DAEE8DC303D /* Pods-Currency Converter.release.xcconfig */ = {isa = PBXFileReference; includeInIndex = 1; lastKnownFileType = text.xcconfig; name = "Pods-Currency Converter.release.xcconfig"; path = "Target Support Files/Pods-Currency Converter/Pods-Currency Converter.release.xcconfig"; sourceTree = "<group>"; };
		B577177141A1390A45C17207 /* Pods_Currency_Converter.framework */ = {isa = PBXFileReference; explicitFileType = wrapper.framework; includeInIndex = 0; path = Pods_Currency_Converter.framework; sourceTree = BUILT_PRODUCTS_DIR; };
/* End PBXFileReference section */

/* Begin PBXFrameworksBuildPhase section */
		4D79E87629D52BF20099756E /* Frameworks */ = {
			isa = PBXFrameworksBuildPhase;
			buildActionMask = 2147483647;
			files = (
				4D5B2F2A29D67904003702F5 /* Pods_Currency_Converter.framework in Frameworks */,
			);
			runOnlyForDeploymentPostprocessing = 0;
		};
/* End PBXFrameworksBuildPhase section */

/* Begin PBXGroup section */
		4D5B2F1229D667F9003702F5 /* Controller */ = {
			isa = PBXGroup;
			children = (
				4D5B2F3129DA1973003702F5 /* Cells */,
				4D79E88029D52BF20099756E /* EmptyViewController.swift */,
				4D5B2F1529D66900003702F5 /* NotEmptyViewController.swift */,
				4D5B2F1B29D669A5003702F5 /* FirstCurrencyTableViewController.swift */,
				4D5B2F1D29D669C3003702F5 /* SecondCurrencyTableViewController.swift */,
			);
			path = Controller;
			sourceTree = "<group>";
		};
		4D5B2F1329D6680A003702F5 /* View */ = {
			isa = PBXGroup;
			children = (
				4D79E88229D52BF20099756E /* Main.storyboard */,
			);
			path = View;
			sourceTree = "<group>";
		};
		4D5B2F1429D66810003702F5 /* Model */ = {
			isa = PBXGroup;
			children = (
				4D5B2F2D29DA081F003702F5 /* CoreDataServices+CoreDataClass.swift */,
				4D5B2F2E29DA081F003702F5 /* CoreDataServices+CoreDataProperties.swift */,
				4D79E88529D52BF20099756E /* Currency_Converter.xcdatamodeld */,
				4D5B2F1F29D66A87003702F5 /* ExchangeRatesDataAPI.swift */,
				4D5B2F2329D66AF1003702F5 /* MainStruct.swift */,
			);
			path = Model;
			sourceTree = "<group>";
		};
		4D5B2F3129DA1973003702F5 /* Cells */ = {
			isa = PBXGroup;
			children = (
				4D5B2F2B29DA02BA003702F5 /* CurrencyCell.swift */,
				4D5B2F3229DA198E003702F5 /* FirstTableCell.swift */,
				4D5B2F3429DA199A003702F5 /* SecondTableCell.swift */,
			);
			path = Cells;
			sourceTree = "<group>";
		};
		4D79E87029D52BF20099756E = {
			isa = PBXGroup;
			children = (
				4D79E87B29D52BF20099756E /* Currency Converter */,
				4D79E87A29D52BF20099756E /* Products */,
				71050A1FF4492F639B7CA8D9 /* Pods */,
				64E6A3BFAE3DDAA1FA763B8A /* Frameworks */,
			);
			sourceTree = "<group>";
		};
		4D79E87A29D52BF20099756E /* Products */ = {
			isa = PBXGroup;
			children = (
				4D79E87929D52BF20099756E /* Currency Converter.app */,
			);
			name = Products;
			sourceTree = "<group>";
		};
		4D79E87B29D52BF20099756E /* Currency Converter */ = {
			isa = PBXGroup;
			children = (
				4D5B2F1429D66810003702F5 /* Model */,
				4D5B2F1329D6680A003702F5 /* View */,
				4D5B2F1229D667F9003702F5 /* Controller */,
				4D79E87C29D52BF20099756E /* AppDelegate.swift */,
				4D79E87E29D52BF20099756E /* SceneDelegate.swift */,
				4D79E88829D52BF40099756E /* Assets.xcassets */,
				4D79E88A29D52BF40099756E /* LaunchScreen.storyboard */,
				4D79E88D29D52BF40099756E /* Info.plist */,
			);
			path = "Currency Converter";
			sourceTree = "<group>";
		};
		64E6A3BFAE3DDAA1FA763B8A /* Frameworks */ = {
			isa = PBXGroup;
			children = (
				B577177141A1390A45C17207 /* Pods_Currency_Converter.framework */,
			);
			name = Frameworks;
			sourceTree = "<group>";
		};
		71050A1FF4492F639B7CA8D9 /* Pods */ = {
			isa = PBXGroup;
			children = (
				0A84F349DD31F1618BDD9D6C /* Pods-Currency Converter.debug.xcconfig */,
				5D653FB496513DAEE8DC303D /* Pods-Currency Converter.release.xcconfig */,
			);
			path = Pods;
			sourceTree = "<group>";
		};
/* End PBXGroup section */

/* Begin PBXNativeTarget section */
		4D79E87829D52BF20099756E /* Currency Converter */ = {
			isa = PBXNativeTarget;
			buildConfigurationList = 4D79E89029D52BF40099756E /* Build configuration list for PBXNativeTarget "Currency Converter" */;
			buildPhases = (
				B2FE3345F0A0BFF06F60C2FB /* [CP] Check Pods Manifest.lock */,
				4D79E87529D52BF20099756E /* Sources */,
				4D79E87629D52BF20099756E /* Frameworks */,
				4D79E87729D52BF20099756E /* Resources */,
				E7BBFD63D4E8AB9DE6A8AF66 /* [CP] Embed Pods Frameworks */,
			);
			buildRules = (
			);
			dependencies = (
			);
			name = "Currency Converter";
			productName = "Currency Converter";
			productReference = 4D79E87929D52BF20099756E /* Currency Converter.app */;
			productType = "com.apple.product-type.application";
		};
/* End PBXNativeTarget section */

/* Begin PBXProject section */
		4D79E87129D52BF20099756E /* Project object */ = {
			isa = PBXProject;
			attributes = {
				BuildIndependentTargetsInParallel = 1;
				LastSwiftUpdateCheck = 1420;
				LastUpgradeCheck = 1420;
				TargetAttributes = {
					4D79E87829D52BF20099756E = {
						CreatedOnToolsVersion = 14.2;
					};
				};
			};
			buildConfigurationList = 4D79E87429D52BF20099756E /* Build configuration list for PBXProject "Currency Converter" */;
			compatibilityVersion = "Xcode 14.0";
			developmentRegion = en;
			hasScannedForEncodings = 0;
			knownRegions = (
				en,
				Base,
			);
			mainGroup = 4D79E87029D52BF20099756E;
			productRefGroup = 4D79E87A29D52BF20099756E /* Products */;
			projectDirPath = "";
			projectRoot = "";
			targets = (
				4D79E87829D52BF20099756E /* Currency Converter */,
			);
		};
/* End PBXProject section */

/* Begin PBXResourcesBuildPhase section */
		4D79E87729D52BF20099756E /* Resources */ = {
			isa = PBXResourcesBuildPhase;
			buildActionMask = 2147483647;
			files = (
				4D79E88C29D52BF40099756E /* LaunchScreen.storyboard in Resources */,
				4D79E88929D52BF40099756E /* Assets.xcassets in Resources */,
				4D79E88429D52BF20099756E /* Main.storyboard in Resources */,
			);
			runOnlyForDeploymentPostprocessing = 0;
		};
/* End PBXResourcesBuildPhase section */

/* Begin PBXShellScriptBuildPhase section */
		B2FE3345F0A0BFF06F60C2FB /* [CP] Check Pods Manifest.lock */ = {
			isa = PBXShellScriptBuildPhase;
			buildActionMask = 2147483647;
			files = (
			);
			inputFileListPaths = (
			);
			inputPaths = (
				"${PODS_PODFILE_DIR_PATH}/Podfile.lock",
				"${PODS_ROOT}/Manifest.lock",
			);
			name = "[CP] Check Pods Manifest.lock";
			outputFileListPaths = (
			);
			outputPaths = (
				"$(DERIVED_FILE_DIR)/Pods-Currency Converter-checkManifestLockResult.txt",
			);
			runOnlyForDeploymentPostprocessing = 0;
			shellPath = /bin/sh;
			shellScript = "diff \"${PODS_PODFILE_DIR_PATH}/Podfile.lock\" \"${PODS_ROOT}/Manifest.lock\" > /dev/null\nif [ $? != 0 ] ; then\n    # print error to STDERR\n    echo \"error: The sandbox is not in sync with the Podfile.lock. Run 'pod install' or update your CocoaPods installation.\" >&2\n    exit 1\nfi\n# This output is used by Xcode 'outputs' to avoid re-running this script phase.\necho \"SUCCESS\" > \"${SCRIPT_OUTPUT_FILE_0}\"\n";
			showEnvVarsInLog = 0;
		};
		E7BBFD63D4E8AB9DE6A8AF66 /* [CP] Embed Pods Frameworks */ = {
			isa = PBXShellScriptBuildPhase;
			buildActionMask = 2147483647;
			files = (
			);
			inputFileListPaths = (
				"${PODS_ROOT}/Target Support Files/Pods-Currency Converter/Pods-Currency Converter-frameworks-${CONFIGURATION}-input-files.xcfilelist",
			);
			name = "[CP] Embed Pods Frameworks";
			outputFileListPaths = (
				"${PODS_ROOT}/Target Support Files/Pods-Currency Converter/Pods-Currency Converter-frameworks-${CONFIGURATION}-output-files.xcfilelist",
			);
			runOnlyForDeploymentPostprocessing = 0;
			shellPath = /bin/sh;
			shellScript = "\"${PODS_ROOT}/Target Support Files/Pods-Currency Converter/Pods-Currency Converter-frameworks.sh\"\n";
			showEnvVarsInLog = 0;
		};
/* End PBXShellScriptBuildPhase section */

/* Begin PBXSourcesBuildPhase section */
		4D79E87529D52BF20099756E /* Sources */ = {
			isa = PBXSourcesBuildPhase;
			buildActionMask = 2147483647;
			files = (
				4D79E88129D52BF20099756E /* EmptyViewController.swift in Sources */,
				4D5B2F3329DA198E003702F5 /* FirstTableCell.swift in Sources */,
				4D5B2F3529DA199A003702F5 /* SecondTableCell.swift in Sources */,
				4D5B2F1E29D669C3003702F5 /* SecondCurrencyTableViewController.swift in Sources */,
				4D79E88729D52BF20099756E /* Currency_Converter.xcdatamodeld in Sources */,
				4D5B2F2F29DA081F003702F5 /* CoreDataServices+CoreDataClass.swift in Sources */,
				4D5B2F2029D66A87003702F5 /* ExchangeRatesDataAPI.swift in Sources */,
				4D5B2F2429D66AF1003702F5 /* MainStruct.swift in Sources */,
				4D5B2F3029DA081F003702F5 /* CoreDataServices+CoreDataProperties.swift in Sources */,
				4D5B2F2C29DA02BA003702F5 /* CurrencyCell.swift in Sources */,
				4D79E87D29D52BF20099756E /* AppDelegate.swift in Sources */,
				4D5B2F1C29D669A5003702F5 /* FirstCurrencyTableViewController.swift in Sources */,
				4D5B2F1629D66900003702F5 /* NotEmptyViewController.swift in Sources */,
				4D79E87F29D52BF20099756E /* SceneDelegate.swift in Sources */,
			);
			runOnlyForDeploymentPostprocessing = 0;
		};
/* End PBXSourcesBuildPhase section */

/* Begin PBXVariantGroup section */
		4D79E88229D52BF20099756E /* Main.storyboard */ = {
			isa = PBXVariantGroup;
			children = (
				4D79E88329D52BF20099756E /* Base */,
			);
			name = Main.storyboard;
			sourceTree = "<group>";
		};
		4D79E88A29D52BF40099756E /* LaunchScreen.storyboard */ = {
			isa = PBXVariantGroup;
			children = (
				4D79E88B29D52BF40099756E /* Base */,
			);
			name = LaunchScreen.storyboard;
			sourceTree = "<group>";
		};
/* End PBXVariantGroup section */

/* Begin XCBuildConfiguration section */
		4D79E88E29D52BF40099756E /* Debug */ = {
			isa = XCBuildConfiguration;
			buildSettings = {
				ALWAYS_SEARCH_USER_PATHS = NO;
				CLANG_ANALYZER_NONNULL = YES;
				CLANG_ANALYZER_NUMBER_OBJECT_CONVERSION = YES_AGGRESSIVE;
				CLANG_CXX_LANGUAGE_STANDARD = "gnu++20";
				CLANG_ENABLE_MODULES = YES;
				CLANG_ENABLE_OBJC_ARC = YES;
				CLANG_ENABLE_OBJC_WEAK = YES;
				CLANG_WARN_BLOCK_CAPTURE_AUTORELEASING = YES;
				CLANG_WARN_BOOL_CONVERSION = YES;
				CLANG_WARN_COMMA = YES;
				CLANG_WARN_CONSTANT_CONVERSION = YES;
				CLANG_WARN_DEPRECATED_OBJC_IMPLEMENTATIONS = YES;
				CLANG_WARN_DIRECT_OBJC_ISA_USAGE = YES_ERROR;
				CLANG_WARN_DOCUMENTATION_COMMENTS = YES;
				CLANG_WARN_EMPTY_BODY = YES;
				CLANG_WARN_ENUM_CONVERSION = YES;
				CLANG_WARN_INFINITE_RECURSION = YES;
				CLANG_WARN_INT_CONVERSION = YES;
				CLANG_WARN_NON_LITERAL_NULL_CONVERSION = YES;
				CLANG_WARN_OBJC_IMPLICIT_RETAIN_SELF = YES;
				CLANG_WARN_OBJC_LITERAL_CONVERSION = YES;
				CLANG_WARN_OBJC_ROOT_CLASS = YES_ERROR;
				CLANG_WARN_QUOTED_INCLUDE_IN_FRAMEWORK_HEADER = YES;
				CLANG_WARN_RANGE_LOOP_ANALYSIS = YES;
				CLANG_WARN_STRICT_PROTOTYPES = YES;
				CLANG_WARN_SUSPICIOUS_MOVE = YES;
				CLANG_WARN_UNGUARDED_AVAILABILITY = YES_AGGRESSIVE;
				CLANG_WARN_UNREACHABLE_CODE = YES;
				CLANG_WARN__DUPLICATE_METHOD_MATCH = YES;
				COPY_PHASE_STRIP = NO;
				DEBUG_INFORMATION_FORMAT = dwarf;
				ENABLE_STRICT_OBJC_MSGSEND = YES;
				ENABLE_TESTABILITY = YES;
				GCC_C_LANGUAGE_STANDARD = gnu11;
				GCC_DYNAMIC_NO_PIC = NO;
				GCC_NO_COMMON_BLOCKS = YES;
				GCC_OPTIMIZATION_LEVEL = 0;
				GCC_PREPROCESSOR_DEFINITIONS = (
					"DEBUG=1",
					"$(inherited)",
				);
				GCC_WARN_64_TO_32_BIT_CONVERSION = YES;
				GCC_WARN_ABOUT_RETURN_TYPE = YES_ERROR;
				GCC_WARN_UNDECLARED_SELECTOR = YES;
				GCC_WARN_UNINITIALIZED_AUTOS = YES_AGGRESSIVE;
				GCC_WARN_UNUSED_FUNCTION = YES;
				GCC_WARN_UNUSED_VARIABLE = YES;
				IPHONEOS_DEPLOYMENT_TARGET = 16.2;
				MTL_ENABLE_DEBUG_INFO = INCLUDE_SOURCE;
				MTL_FAST_MATH = YES;
				ONLY_ACTIVE_ARCH = YES;
				SDKROOT = iphoneos;
				SWIFT_ACTIVE_COMPILATION_CONDITIONS = DEBUG;
				SWIFT_OPTIMIZATION_LEVEL = "-Onone";
			};
			name = Debug;
		};
		4D79E88F29D52BF40099756E /* Release */ = {
			isa = XCBuildConfiguration;
			buildSettings = {
				ALWAYS_SEARCH_USER_PATHS = NO;
				CLANG_ANALYZER_NONNULL = YES;
				CLANG_ANALYZER_NUMBER_OBJECT_CONVERSION = YES_AGGRESSIVE;
				CLANG_CXX_LANGUAGE_STANDARD = "gnu++20";
				CLANG_ENABLE_MODULES = YES;
				CLANG_ENABLE_OBJC_ARC = YES;
				CLANG_ENABLE_OBJC_WEAK = YES;
				CLANG_WARN_BLOCK_CAPTURE_AUTORELEASING = YES;
				CLANG_WARN_BOOL_CONVERSION = YES;
				CLANG_WARN_COMMA = YES;
				CLANG_WARN_CONSTANT_CONVERSION = YES;
				CLANG_WARN_DEPRECATED_OBJC_IMPLEMENTATIONS = YES;
				CLANG_WARN_DIRECT_OBJC_ISA_USAGE = YES_ERROR;
				CLANG_WARN_DOCUMENTATION_COMMENTS = YES;
				CLANG_WARN_EMPTY_BODY = YES;
				CLANG_WARN_ENUM_CONVERSION = YES;
				CLANG_WARN_INFINITE_RECURSION = YES;
				CLANG_WARN_INT_CONVERSION = YES;
				CLANG_WARN_NON_LITERAL_NULL_CONVERSION = YES;
				CLANG_WARN_OBJC_IMPLICIT_RETAIN_SELF = YES;
				CLANG_WARN_OBJC_LITERAL_CONVERSION = YES;
				CLANG_WARN_OBJC_ROOT_CLASS = YES_ERROR;
				CLANG_WARN_QUOTED_INCLUDE_IN_FRAMEWORK_HEADER = YES;
				CLANG_WARN_RANGE_LOOP_ANALYSIS = YES;
				CLANG_WARN_STRICT_PROTOTYPES = YES;
				CLANG_WARN_SUSPICIOUS_MOVE = YES;
				CLANG_WARN_UNGUARDED_AVAILABILITY = YES_AGGRESSIVE;
				CLANG_WARN_UNREACHABLE_CODE = YES;
				CLANG_WARN__DUPLICATE_METHOD_MATCH = YES;
				COPY_PHASE_STRIP = NO;
				DEBUG_INFORMATION_FORMAT = "dwarf-with-dsym";
				ENABLE_NS_ASSERTIONS = NO;
				ENABLE_STRICT_OBJC_MSGSEND = YES;
				GCC_C_LANGUAGE_STANDARD = gnu11;
				GCC_NO_COMMON_BLOCKS = YES;
				GCC_WARN_64_TO_32_BIT_CONVERSION = YES;
				GCC_WARN_ABOUT_RETURN_TYPE = YES_ERROR;
				GCC_WARN_UNDECLARED_SELECTOR = YES;
				GCC_WARN_UNINITIALIZED_AUTOS = YES_AGGRESSIVE;
				GCC_WARN_UNUSED_FUNCTION = YES;
				GCC_WARN_UNUSED_VARIABLE = YES;
				IPHONEOS_DEPLOYMENT_TARGET = 16.2;
				MTL_ENABLE_DEBUG_INFO = NO;
				MTL_FAST_MATH = YES;
				SDKROOT = iphoneos;
				SWIFT_COMPILATION_MODE = wholemodule;
				SWIFT_OPTIMIZATION_LEVEL = "-O";
				VALIDATE_PRODUCT = YES;
			};
			name = Release;
		};
		4D79E89129D52BF40099756E /* Debug */ = {
			isa = XCBuildConfiguration;
			baseConfigurationReference = 0A84F349DD31F1618BDD9D6C /* Pods-Currency Converter.debug.xcconfig */;
			buildSettings = {
				ASSETCATALOG_COMPILER_APPICON_NAME = AppIcon;
				ASSETCATALOG_COMPILER_GLOBAL_ACCENT_COLOR_NAME = AccentColor;
				CODE_SIGN_STYLE = Automatic;
				CURRENT_PROJECT_VERSION = 1;
				DEVELOPMENT_TEAM = 3JQPLE5ZEK;
				GENERATE_INFOPLIST_FILE = YES;
				INFOPLIST_FILE = "Currency Converter/Info.plist";
				INFOPLIST_KEY_CFBundleDisplayName = Currency;
				INFOPLIST_KEY_UIApplicationSupportsIndirectInputEvents = YES;
				INFOPLIST_KEY_UILaunchStoryboardName = LaunchScreen;
				INFOPLIST_KEY_UIMainStoryboardFile = Main;
				INFOPLIST_KEY_UISupportedInterfaceOrientations_iPad = "UIInterfaceOrientationPortrait UIInterfaceOrientationPortraitUpsideDown UIInterfaceOrientationLandscapeLeft UIInterfaceOrientationLandscapeRight";
				INFOPLIST_KEY_UISupportedInterfaceOrientations_iPhone = "UIInterfaceOrientationPortrait UIInterfaceOrientationLandscapeLeft UIInterfaceOrientationLandscapeRight";
				LD_RUNPATH_SEARCH_PATHS = (
					"$(inherited)",
					"@executable_path/Frameworks",
				);
				MARKETING_VERSION = 1.0;
				PRODUCT_BUNDLE_IDENTIFIER = "CC.Currency-Converter";
				PRODUCT_NAME = "$(TARGET_NAME)";
				SWIFT_EMIT_LOC_STRINGS = YES;
				SWIFT_VERSION = 5.0;
				TARGETED_DEVICE_FAMILY = "1,2";
			};
			name = Debug;
		};
		4D79E89229D52BF40099756E /* Release */ = {
			isa = XCBuildConfiguration;
			baseConfigurationReference = 5D653FB496513DAEE8DC303D /* Pods-Currency Converter.release.xcconfig */;
			buildSettings = {
				ASSETCATALOG_COMPILER_APPICON_NAME = AppIcon;
				ASSETCATALOG_COMPILER_GLOBAL_ACCENT_COLOR_NAME = AccentColor;
				CODE_SIGN_STYLE = Automatic;
				CURRENT_PROJECT_VERSION = 1;
				DEVELOPMENT_TEAM = 3JQPLE5ZEK;
				GENERATE_INFOPLIST_FILE = YES;
				INFOPLIST_FILE = "Currency Converter/Info.plist";
				INFOPLIST_KEY_CFBundleDisplayName = Currency;
				INFOPLIST_KEY_UIApplicationSupportsIndirectInputEvents = YES;
				INFOPLIST_KEY_UILaunchStoryboardName = LaunchScreen;
				INFOPLIST_KEY_UIMainStoryboardFile = Main;
				INFOPLIST_KEY_UISupportedInterfaceOrientations_iPad = "UIInterfaceOrientationPortrait UIInterfaceOrientationPortraitUpsideDown UIInterfaceOrientationLandscapeLeft UIInterfaceOrientationLandscapeRight";
				INFOPLIST_KEY_UISupportedInterfaceOrientations_iPhone = "UIInterfaceOrientationPortrait UIInterfaceOrientationLandscapeLeft UIInterfaceOrientationLandscapeRight";
				LD_RUNPATH_SEARCH_PATHS = (
					"$(inherited)",
					"@executable_path/Frameworks",
				);
				MARKETING_VERSION = 1.0;
				PRODUCT_BUNDLE_IDENTIFIER = "CC.Currency-Converter";
				PRODUCT_NAME = "$(TARGET_NAME)";
				SWIFT_EMIT_LOC_STRINGS = YES;
				SWIFT_VERSION = 5.0;
				TARGETED_DEVICE_FAMILY = "1,2";
			};
			name = Release;
		};
/* End XCBuildConfiguration section */

/* Begin XCConfigurationList section */
		4D79E87429D52BF20099756E /* Build configuration list for PBXProject "Currency Converter" */ = {
			isa = XCConfigurationList;
			buildConfigurations = (
				4D79E88E29D52BF40099756E /* Debug */,
				4D79E88F29D52BF40099756E /* Release */,
			);
			defaultConfigurationIsVisible = 0;
			defaultConfigurationName = Release;
		};
		4D79E89029D52BF40099756E /* Build configuration list for PBXNativeTarget "Currency Converter" */ = {
			isa = XCConfigurationList;
			buildConfigurations = (
				4D79E89129D52BF40099756E /* Debug */,
				4D79E89229D52BF40099756E /* Release */,
			);
			defaultConfigurationIsVisible = 0;
			defaultConfigurationName = Release;
		};
/* End XCConfigurationList section */

/* Begin XCVersionGroup section */
		4D79E88529D52BF20099756E /* Currency_Converter.xcdatamodeld */ = {
			isa = XCVersionGroup;
			children = (
				4D79E88629D52BF20099756E /* Currency_Converter.xcdatamodel */,
			);
			currentVersion = 4D79E88629D52BF20099756E /* Currency_Converter.xcdatamodel */;
			path = Currency_Converter.xcdatamodeld;
			sourceTree = "<group>";
			versionGroupType = wrapper.xcdatamodel;
		};
/* End XCVersionGroup section */
	};
	rootObject = 4D79E87129D52BF20099756E /* Project object */;
}
